<?xml version="1.0" encoding="utf-8"?>
<Project ToolsVersion="4.0" xmlns="http://schemas.microsoft.com/developer/msbuild/2003">
  <ItemGroup>
    <Filter Include="Source Files">
      <UniqueIdentifier>{4FC737F1-C7A5-4376-A066-2A32D752A2FF}</UniqueIdentifier>
      <Extensions>cpp;c;cc;cxx;def;odl;idl;hpj;bat;asm;asmx</Extensions>
    </Filter>
    <Filter Include="Header Files">
      <UniqueIdentifier>{93995380-89BD-4b04-88EB-625FBE52EBFB}</UniqueIdentifier>
      <Extensions>h;hh;hpp;hxx;hm;inl;inc;ipp;xsd</Extensions>
    </Filter>
    <Filter Include="Resource Files">
      <UniqueIdentifier>{67DA6AB6-F800-4c08-8B7A-83BB121AAD01}</UniqueIdentifier>
      <Extensions>rc;ico;cur;bmp;dlg;rc2;rct;bin;rgs;gif;jpg;jpeg;jpe;resx;tiff;tif;png;wav;mfcribbon-ms</Extensions>
    </Filter>
    <Filter Include="Source Files\Engine">
      <UniqueIdentifier>{2a3ea1a3-fd28-435a-82ad-ac7d8c720210}</UniqueIdentifier>
    </Filter>
    <Filter Include="Source Files\Engine\Memory">
      <UniqueIdentifier>{746bb9c3-e959-4880-862a-bc734431b55e}</UniqueIdentifier>
    </Filter>
  </ItemGroup>
  <ItemGroup>
    <ClCompile Include="main.cpp">
      <Filter>Source Files</Filter>
    </ClCompile>
    <ClCompile Include="Engine\Memory\BitArray.cpp">
      <Filter>Source Files\Engine\Memory</Filter>
    </ClCompile>
    <ClCompile Include="Engine\Memory\PhysicalMemory.Win.cpp">
      <Filter>Source Files\Engine\Memory</Filter>
    </ClCompile>
    <ClCompile Include="Engine\Memory\HeapManager.cpp">
      <Filter>Source Files\Engine\Memory</Filter>
    </ClCompile>
    <ClCompile Include="Engine\Memory\FixedSizeAllocator.cpp">
      <Filter>Source Files\Engine\Memory</Filter>
    </ClCompile>
    <ClCompile Include="Engine\Allocators.cpp">
      <Filter>Source Files\Engine</Filter>
    </ClCompile>
  </ItemGroup>
  <ItemGroup>
    <ClInclude Include="Engine\Memory\BitArray.h">
      <Filter>Source Files\Engine\Memory</Filter>
    </ClInclude>
    <ClInclude Include="Engine\Memory\PhysicalMemory.h">
      <Filter>Source Files\Engine\Memory</Filter>
    </ClInclude>
    <ClInclude Include="Engine\Memory\HeapManager.h">
      <Filter>Source Files\Engine\Memory</Filter>
    </ClInclude>
    <ClInclude Include="Engine\Memory\HeapManager-inl.h">
      <Filter>Source Files\Engine\Memory</Filter>
    </ClInclude>
    <ClInclude Include="Engine\Memory\Helpers.h">
      <Filter>Source Files\Engine\Memory</Filter>
    </ClInclude>
    <ClInclude Include="Engine\Memory\FixedSizeAllocator.h">
      <Filter>Source Files\Engine\Memory</Filter>
    </ClInclude>
    <ClInclude Include="Engine\Allocators.h">
      <Filter>Source Files\Engine</Filter>
    </ClInclude>
    <ClInclude Include="Engine\Memory\IAllocator.h">
      <Filter>Source Files\Engine\Memory</Filter>
    </ClInclude>
  </ItemGroup>
  <ItemGroup>
    <None Include="Engine\Memory\BitArray.inl">
      <Filter>Source Files\Engine\Memory</Filter>
    </None>
  </ItemGroup>
</Project>