<?xml version="1.0" encoding="utf-8"?>
<Project ToolsVersion="4.0" xmlns="http://schemas.microsoft.com/developer/msbuild/2003">
  <ItemGroup>
    <Filter Include="Source Files">
      <UniqueIdentifier>{4FC737F1-C7A5-4376-A066-2A32D752A2FF}</UniqueIdentifier>
      <Extensions>cpp;c;cc;cxx;def;odl;idl;hpj;bat;asm;asmx</Extensions>
    </Filter>
    <Filter Include="Header Files">
      <UniqueIdentifier>{93995380-89BD-4b04-88EB-625FBE52EBFB}</UniqueIdentifier>
      <Extensions>h;hh;hpp;hxx;hm;inl;inc;xsd</Extensions>
    </Filter>
    <Filter Include="Resource Files">
      <UniqueIdentifier>{67DA6AB6-F800-4c08-8B7A-83BB121AAD01}</UniqueIdentifier>
      <Extensions>rc;ico;cur;bmp;dlg;rc2;rct;bin;rgs;gif;jpg;jpeg;jpe;resx;tiff;tif;png;wav;mfcribbon-ms</Extensions>
    </Filter>
    <Filter Include="Source Files\Math">
      <UniqueIdentifier>{d8f37712-22c8-4125-821e-4fc90e8f735d}</UniqueIdentifier>
    </Filter>
    <Filter Include="Source Files\Console">
      <UniqueIdentifier>{6011e31a-c4e3-40da-a5de-e1a2a265847a}</UniqueIdentifier>
    </Filter>
    <Filter Include="Source Files\Components">
      <UniqueIdentifier>{8c3425a0-5919-48ea-8da5-b7b1e435cfea}</UniqueIdentifier>
    </Filter>
    <Filter Include="Source Files\Systems">
      <UniqueIdentifier>{5af6e294-06fd-4188-9c36-d5ed192844bc}</UniqueIdentifier>
    </Filter>
    <Filter Include="Source Files\GameObject">
      <UniqueIdentifier>{db48ac15-7718-4bad-bfb8-d81223eb5197}</UniqueIdentifier>
    </Filter>
    <Filter Include="Source Files\data">
      <UniqueIdentifier>{131ed4c7-c5db-4311-b1a4-a0667d70c9cf}</UniqueIdentifier>
    </Filter>
  </ItemGroup>
  <ItemGroup>
    <ClCompile Include="main.cpp">
      <Filter>Source Files</Filter>
    </ClCompile>
    <ClCompile Include="Math\Vector2.cpp">
      <Filter>Source Files\Math</Filter>
    </ClCompile>
    <ClCompile Include="Console\ConsolePrint.Win32.cpp">
      <Filter>Source Files\Console</Filter>
    </ClCompile>
    <ClCompile Include="Systems\Rendering.cpp">
      <Filter>Source Files\Systems</Filter>
    </ClCompile>
    <ClCompile Include="Systems\Physics.cpp">
      <Filter>Source Files\Systems</Filter>
    </ClCompile>
    <ClCompile Include="Systems\Timing.cpp">
      <Filter>Source Files\Systems</Filter>
    </ClCompile>
    <ClCompile Include="GameObject\GameObjectFactory.cpp">
      <Filter>Source Files\GameObject</Filter>
    </ClCompile>
    <ClCompile Include="GameObject\PlayerObjectController.cpp">
      <Filter>Source Files\GameObject</Filter>
    </ClCompile>
    <ClCompile Include="GameObject\GameObject.cpp">
      <Filter>Source Files\GameObject</Filter>
    </ClCompile>
    <ClCompile Include="Math\Vector4.cpp">
      <Filter>Source Files\Math</Filter>
    </ClCompile>
  </ItemGroup>
  <ItemGroup>
    <ClInclude Include="Math\Vector2.h">
      <Filter>Source Files\Math</Filter>
    </ClInclude>
    <ClInclude Include="Math\Vector2-inl.h">
      <Filter>Source Files\Math</Filter>
    </ClInclude>
    <ClInclude Include="Console\ConsolePrint.h">
      <Filter>Source Files\Console</Filter>
    </ClInclude>
    <ClInclude Include="Components\Components.h">
      <Filter>Source Files\Components</Filter>
    </ClInclude>
    <ClInclude Include="Systems\Rendering.h">
      <Filter>Source Files\Systems</Filter>
    </ClInclude>
    <ClInclude Include="Systems\Physics.h">
      <Filter>Source Files\Systems</Filter>
    </ClInclude>
    <ClInclude Include="Systems\Timing.h">
      <Filter>Source Files\Systems</Filter>
    </ClInclude>
    <ClInclude Include="GameObject\GameObjectFactory.h">
      <Filter>Source Files\GameObject</Filter>
    </ClInclude>
    <ClInclude Include="GameObject\IGameObjectController.h">
      <Filter>Source Files\GameObject</Filter>
    </ClInclude>
    <ClInclude Include="GameObject\PlayerObjectController.h">
      <Filter>Source Files\GameObject</Filter>
    </ClInclude>
    <ClInclude Include="GameObject\GameObject.h">
      <Filter>Source Files\GameObject</Filter>
    </ClInclude>
    <ClInclude Include="Math\Vector4.h">
      <Filter>Source Files\Math</Filter>
    </ClInclude>
  </ItemGroup>
  <ItemGroup>
    <Image Include="data\BadGuy.dds">
      <Filter>Source Files\data</Filter>
    </Image>
    <Image Include="data\GoodGuy.dds">
      <Filter>Source Files\data</Filter>
    </Image>
  </ItemGroup>
  <ItemGroup>
    <None Include="data\Player.json">
      <Filter>Source Files\data</Filter>
    </None>
    <None Include="BadGuy.json" />
    <None Include="data\BadGuy.json">
      <Filter>Source Files\data</Filter>
    </None>
  </ItemGroup>
</Project>